// !$*UTF8*$!
{
	archiveVersion = 1;
	classes = {
	};
	objectVersion = 51;
	objects = {

/* Begin PBXBuildFile section */
		6403B14F25B9DA180068F03A /* CakeSelectionViewController.swift in Sources */ = {isa = PBXBuildFile; fileRef = 6403B14E25B9DA180068F03A /* CakeSelectionViewController.swift */; };
		641A845A25B92BB10025A809 /* CakeMakerViewController.swift in Sources */ = {isa = PBXBuildFile; fileRef = 641A845925B92BB10025A809 /* CakeMakerViewController.swift */; };
		6423389825B1A6BB002AEA38 /* AppDelegate.swift in Sources */ = {isa = PBXBuildFile; fileRef = 6423389725B1A6BB002AEA38 /* AppDelegate.swift */; };
		6423389A25B1A6BB002AEA38 /* SceneDelegate.swift in Sources */ = {isa = PBXBuildFile; fileRef = 6423389925B1A6BB002AEA38 /* SceneDelegate.swift */; };
		6423389F25B1A6BB002AEA38 /* Main.storyboard in Resources */ = {isa = PBXBuildFile; fileRef = 6423389D25B1A6BB002AEA38 /* Main.storyboard */; };
		642338A125B1A6BD002AEA38 /* Assets.xcassets in Resources */ = {isa = PBXBuildFile; fileRef = 642338A025B1A6BD002AEA38 /* Assets.xcassets */; };
		642338A425B1A6BD002AEA38 /* LaunchScreen.storyboard in Resources */ = {isa = PBXBuildFile; fileRef = 642338A225B1A6BD002AEA38 /* LaunchScreen.storyboard */; };
		64B01B1D25C7C18D004E6A2A /* CalenderViewController.swift in Sources */ = {isa = PBXBuildFile; fileRef = 64B01B1C25C7C18D004E6A2A /* CalenderViewController.swift */; };
		64C01D6125C299E4005A0C45 /* MainScreenViewController.swift in Sources */ = {isa = PBXBuildFile; fileRef = 64C01D6025C299E4005A0C45 /* MainScreenViewController.swift */; };
		F71111601E46602555ABC6E4 /* Pods_cakeMaker.framework in Frameworks */ = {isa = PBXBuildFile; fileRef = 302E9827B5CD60FD30FC4986 /* Pods_cakeMaker.framework */; };
/* End PBXBuildFile section */

/* Begin PBXFileReference section */
		1F402E3596C5EBAB5C78F9C2 /* Pods-cakeMaker.debug.xcconfig */ = {isa = PBXFileReference; includeInIndex = 1; lastKnownFileType = text.xcconfig; name = "Pods-cakeMaker.debug.xcconfig"; path = "Target Support Files/Pods-cakeMaker/Pods-cakeMaker.debug.xcconfig"; sourceTree = "<group>"; };
		302E9827B5CD60FD30FC4986 /* Pods_cakeMaker.framework */ = {isa = PBXFileReference; explicitFileType = wrapper.framework; includeInIndex = 0; path = Pods_cakeMaker.framework; sourceTree = BUILT_PRODUCTS_DIR; };
		6403B14E25B9DA180068F03A /* CakeSelectionViewController.swift */ = {isa = PBXFileReference; lastKnownFileType = sourcecode.swift; path = CakeSelectionViewController.swift; sourceTree = "<group>"; };
		641A845925B92BB10025A809 /* CakeMakerViewController.swift */ = {isa = PBXFileReference; lastKnownFileType = sourcecode.swift; path = CakeMakerViewController.swift; sourceTree = "<group>"; };
		6423389425B1A6BB002AEA38 /* cakeMaker.app */ = {isa = PBXFileReference; explicitFileType = wrapper.application; includeInIndex = 0; path = cakeMaker.app; sourceTree = BUILT_PRODUCTS_DIR; };
		6423389725B1A6BB002AEA38 /* AppDelegate.swift */ = {isa = PBXFileReference; lastKnownFileType = sourcecode.swift; path = AppDelegate.swift; sourceTree = "<group>"; };
		6423389925B1A6BB002AEA38 /* SceneDelegate.swift */ = {isa = PBXFileReference; lastKnownFileType = sourcecode.swift; path = SceneDelegate.swift; sourceTree = "<group>"; };
		6423389E25B1A6BB002AEA38 /* Base */ = {isa = PBXFileReference; lastKnownFileType = file.storyboard; name = Base; path = Base.lproj/Main.storyboard; sourceTree = "<group>"; };
		642338A025B1A6BD002AEA38 /* Assets.xcassets */ = {isa = PBXFileReference; lastKnownFileType = folder.assetcatalog; path = Assets.xcassets; sourceTree = "<group>"; };
		642338A325B1A6BD002AEA38 /* Base */ = {isa = PBXFileReference; lastKnownFileType = file.storyboard; name = Base; path = Base.lproj/LaunchScreen.storyboard; sourceTree = "<group>"; };
		642338A525B1A6BD002AEA38 /* Info.plist */ = {isa = PBXFileReference; lastKnownFileType = text.plist.xml; path = Info.plist; sourceTree = "<group>"; };
		64B01B1C25C7C18D004E6A2A /* CalenderViewController.swift */ = {isa = PBXFileReference; lastKnownFileType = sourcecode.swift; path = CalenderViewController.swift; sourceTree = "<group>"; };
		64C01D6025C299E4005A0C45 /* MainScreenViewController.swift */ = {isa = PBXFileReference; lastKnownFileType = sourcecode.swift; path = MainScreenViewController.swift; sourceTree = "<group>"; };
		CACA131CC14ABECAA9FD6507 /* Pods-cakeMaker.release.xcconfig */ = {isa = PBXFileReference; includeInIndex = 1; lastKnownFileType = text.xcconfig; name = "Pods-cakeMaker.release.xcconfig"; path = "Target Support Files/Pods-cakeMaker/Pods-cakeMaker.release.xcconfig"; sourceTree = "<group>"; };
/* End PBXFileReference section */

/* Begin PBXFrameworksBuildPhase section */
		6423389125B1A6BB002AEA38 /* Frameworks */ = {
			isa = PBXFrameworksBuildPhase;
			buildActionMask = 2147483647;
			files = (
				F71111601E46602555ABC6E4 /* Pods_cakeMaker.framework in Frameworks */,
			);
			runOnlyForDeploymentPostprocessing = 0;
		};
/* End PBXFrameworksBuildPhase section */

/* Begin PBXGroup section */
		6423388B25B1A6BB002AEA38 = {
			isa = PBXGroup;
			children = (
				6423389625B1A6BB002AEA38 /* cakeMaker */,
				6423389525B1A6BB002AEA38 /* Products */,
				6FDAF068B6B5077B2D0DAE60 /* Pods */,
				95528E2D0A791AF3F95FDB70 /* Frameworks */,
			);
			sourceTree = "<group>";
		};
		6423389525B1A6BB002AEA38 /* Products */ = {
			isa = PBXGroup;
			children = (
				6423389425B1A6BB002AEA38 /* cakeMaker.app */,
			);
			name = Products;
			sourceTree = "<group>";
		};
		6423389625B1A6BB002AEA38 /* cakeMaker */ = {
			isa = PBXGroup;
			children = (
				6423389725B1A6BB002AEA38 /* AppDelegate.swift */,
				6423389925B1A6BB002AEA38 /* SceneDelegate.swift */,
				6423389D25B1A6BB002AEA38 /* Main.storyboard */,
				64B01B1C25C7C18D004E6A2A /* CalenderViewController.swift */,
				64C01D6025C299E4005A0C45 /* MainScreenViewController.swift */,
				6403B14E25B9DA180068F03A /* CakeSelectionViewController.swift */,
				641A845925B92BB10025A809 /* CakeMakerViewController.swift */,
				642338A025B1A6BD002AEA38 /* Assets.xcassets */,
				642338A225B1A6BD002AEA38 /* LaunchScreen.storyboard */,
				642338A525B1A6BD002AEA38 /* Info.plist */,
			);
			path = cakeMaker;
			sourceTree = "<group>";
		};
		6FDAF068B6B5077B2D0DAE60 /* Pods */ = {
			isa = PBXGroup;
			children = (
				1F402E3596C5EBAB5C78F9C2 /* Pods-cakeMaker.debug.xcconfig */,
				CACA131CC14ABECAA9FD6507 /* Pods-cakeMaker.release.xcconfig */,
			);
			path = Pods;
			sourceTree = "<group>";
		};
		95528E2D0A791AF3F95FDB70 /* Frameworks */ = {
			isa = PBXGroup;
			children = (
				302E9827B5CD60FD30FC4986 /* Pods_cakeMaker.framework */,
			);
			name = Frameworks;
			sourceTree = "<group>";
		};
/* End PBXGroup section */

/* Begin PBXNativeTarget section */
		6423389325B1A6BB002AEA38 /* cakeMaker */ = {
			isa = PBXNativeTarget;
			buildConfigurationList = 642338A825B1A6BD002AEA38 /* Build configuration list for PBXNativeTarget "cakeMaker" */;
			buildPhases = (
				625FAB28694011FF2B9E1401 /* [CP] Check Pods Manifest.lock */,
				6423389025B1A6BB002AEA38 /* Sources */,
				6423389125B1A6BB002AEA38 /* Frameworks */,
				6423389225B1A6BB002AEA38 /* Resources */,
				062FA77C7D747C80BB1960AC /* [CP] Embed Pods Frameworks */,
			);
			buildRules = (
			);
			dependencies = (
			);
			name = cakeMaker;
			productName = cakeMaker;
			productReference = 6423389425B1A6BB002AEA38 /* cakeMaker.app */;
			productType = "com.apple.product-type.application";
		};
/* End PBXNativeTarget section */

/* Begin PBXProject section */
		6423388C25B1A6BB002AEA38 /* Project object */ = {
			isa = PBXProject;
			attributes = {
				LastSwiftUpdateCheck = 1230;
				LastUpgradeCheck = 1230;
				TargetAttributes = {
					6423389325B1A6BB002AEA38 = {
						CreatedOnToolsVersion = 12.3;
					};
				};
			};
			buildConfigurationList = 6423388F25B1A6BB002AEA38 /* Build configuration list for PBXProject "cakeMaker" */;
			compatibilityVersion = "Xcode 9.3";
			developmentRegion = en;
			hasScannedForEncodings = 0;
			knownRegions = (
				en,
				Base,
			);
			mainGroup = 6423388B25B1A6BB002AEA38;
			productRefGroup = 6423389525B1A6BB002AEA38 /* Products */;
			projectDirPath = "";
			projectRoot = "";
			targets = (
				6423389325B1A6BB002AEA38 /* cakeMaker */,
			);
		};
/* End PBXProject section */

/* Begin PBXResourcesBuildPhase section */
		6423389225B1A6BB002AEA38 /* Resources */ = {
			isa = PBXResourcesBuildPhase;
			buildActionMask = 2147483647;
			files = (
				642338A425B1A6BD002AEA38 /* LaunchScreen.storyboard in Resources */,
				642338A125B1A6BD002AEA38 /* Assets.xcassets in Resources */,
				6423389F25B1A6BB002AEA38 /* Main.storyboard in Resources */,
			);
			runOnlyForDeploymentPostprocessing = 0;
		};
/* End PBXResourcesBuildPhase section */

/* Begin PBXShellScriptBuildPhase section */
		062FA77C7D747C80BB1960AC /* [CP] Embed Pods Frameworks */ = {
			isa = PBXShellScriptBuildPhase;
			buildActionMask = 2147483647;
			files = (
			);
			inputFileListPaths = (
				"${PODS_ROOT}/Target Support Files/Pods-cakeMaker/Pods-cakeMaker-frameworks-${CONFIGURATION}-input-files.xcfilelist",
			);
			name = "[CP] Embed Pods Frameworks";
			outputFileListPaths = (
				"${PODS_ROOT}/Target Support Files/Pods-cakeMaker/Pods-cakeMaker-frameworks-${CONFIGURATION}-output-files.xcfilelist",
			);
			runOnlyForDeploymentPostprocessing = 0;
			shellPath = /bin/sh;
			shellScript = "\"${PODS_ROOT}/Target Support Files/Pods-cakeMaker/Pods-cakeMaker-frameworks.sh\"\n";
			showEnvVarsInLog = 0;
		};
		625FAB28694011FF2B9E1401 /* [CP] Check Pods Manifest.lock */ = {
			isa = PBXShellScriptBuildPhase;
			buildActionMask = 2147483647;
			files = (
			);
			inputFileListPaths = (
			);
			inputPaths = (
				"${PODS_PODFILE_DIR_PATH}/Podfile.lock",
				"${PODS_ROOT}/Manifest.lock",
			);
			name = "[CP] Check Pods Manifest.lock";
			outputFileListPaths = (
			);
			outputPaths = (
				"$(DERIVED_FILE_DIR)/Pods-cakeMaker-checkManifestLockResult.txt",
			);
			runOnlyForDeploymentPostprocessing = 0;
			shellPath = /bin/sh;
			shellScript = "diff \"${PODS_PODFILE_DIR_PATH}/Podfile.lock\" \"${PODS_ROOT}/Manifest.lock\" > /dev/null\nif [ $? != 0 ] ; then\n    # print error to STDERR\n    echo \"error: The sandbox is not in sync with the Podfile.lock. Run 'pod install' or update your CocoaPods installation.\" >&2\n    exit 1\nfi\n# This output is used by Xcode 'outputs' to avoid re-running this script phase.\necho \"SUCCESS\" > \"${SCRIPT_OUTPUT_FILE_0}\"\n";
			showEnvVarsInLog = 0;
		};
/* End PBXShellScriptBuildPhase section */

/* Begin PBXSourcesBuildPhase section */
		6423389025B1A6BB002AEA38 /* Sources */ = {
			isa = PBXSourcesBuildPhase;
			buildActionMask = 2147483647;
			files = (
				64B01B1D25C7C18D004E6A2A /* CalenderViewController.swift in Sources */,
				64C01D6125C299E4005A0C45 /* MainScreenViewController.swift in Sources */,
				641A845A25B92BB10025A809 /* CakeMakerViewController.swift in Sources */,
				6423389825B1A6BB002AEA38 /* AppDelegate.swift in Sources */,
				6423389A25B1A6BB002AEA38 /* SceneDelegate.swift in Sources */,
				6403B14F25B9DA180068F03A /* CakeSelectionViewController.swift in Sources */,
			);
			runOnlyForDeploymentPostprocessing = 0;
		};
/* End PBXSourcesBuildPhase section */

/* Begin PBXVariantGroup section */
		6423389D25B1A6BB002AEA38 /* Main.storyboard */ = {
			isa = PBXVariantGroup;
			children = (
				6423389E25B1A6BB002AEA38 /* Base */,
			);
			name = Main.storyboard;
			sourceTree = "<group>";
		};
		642338A225B1A6BD002AEA38 /* LaunchScreen.storyboard */ = {
			isa = PBXVariantGroup;
			children = (
				642338A325B1A6BD002AEA38 /* Base */,
			);
			name = LaunchScreen.storyboard;
			sourceTree = "<group>";
		};
/* End PBXVariantGroup section */

/* Begin XCBuildConfiguration section */
		642338A625B1A6BD002AEA38 /* Debug */ = {
			isa = XCBuildConfiguration;
			buildSettings = {
				ALWAYS_SEARCH_USER_PATHS = NO;
				CLANG_ANALYZER_NONNULL = YES;
				CLANG_ANALYZER_NUMBER_OBJECT_CONVERSION = YES_AGGRESSIVE;
				CLANG_CXX_LANGUAGE_STANDARD = "gnu++14";
				CLANG_CXX_LIBRARY = "libc++";
				CLANG_ENABLE_MODULES = YES;
				CLANG_ENABLE_OBJC_ARC = YES;
				CLANG_ENABLE_OBJC_WEAK = YES;
				CLANG_WARN_BLOCK_CAPTURE_AUTORELEASING = YES;
				CLANG_WARN_BOOL_CONVERSION = YES;
				CLANG_WARN_COMMA = YES;
				CLANG_WARN_CONSTANT_CONVERSION = YES;
				CLANG_WARN_DEPRECATED_OBJC_IMPLEMENTATIONS = YES;
				CLANG_WARN_DIRECT_OBJC_ISA_USAGE = YES_ERROR;
				CLANG_WARN_DOCUMENTATION_COMMENTS = YES;
				CLANG_WARN_EMPTY_BODY = YES;
				CLANG_WARN_ENUM_CONVERSION = YES;
				CLANG_WARN_INFINITE_RECURSION = YES;
				CLANG_WARN_INT_CONVERSION = YES;
				CLANG_WARN_NON_LITERAL_NULL_CONVERSION = YES;
				CLANG_WARN_OBJC_IMPLICIT_RETAIN_SELF = YES;
				CLANG_WARN_OBJC_LITERAL_CONVERSION = YES;
				CLANG_WARN_OBJC_ROOT_CLASS = YES_ERROR;
				CLANG_WARN_QUOTED_INCLUDE_IN_FRAMEWORK_HEADER = YES;
				CLANG_WARN_RANGE_LOOP_ANALYSIS = YES;
				CLANG_WARN_STRICT_PROTOTYPES = YES;
				CLANG_WARN_SUSPICIOUS_MOVE = YES;
				CLANG_WARN_UNGUARDED_AVAILABILITY = YES_AGGRESSIVE;
				CLANG_WARN_UNREACHABLE_CODE = YES;
				CLANG_WARN__DUPLICATE_METHOD_MATCH = YES;
				COPY_PHASE_STRIP = NO;
				DEBUG_INFORMATION_FORMAT = dwarf;
				ENABLE_STRICT_OBJC_MSGSEND = YES;
				ENABLE_TESTABILITY = YES;
				GCC_C_LANGUAGE_STANDARD = gnu11;
				GCC_DYNAMIC_NO_PIC = NO;
				GCC_NO_COMMON_BLOCKS = YES;
				GCC_OPTIMIZATION_LEVEL = 0;
				GCC_PREPROCESSOR_DEFINITIONS = (
					"DEBUG=1",
					"$(inherited)",
				);
				GCC_WARN_64_TO_32_BIT_CONVERSION = YES;
				GCC_WARN_ABOUT_RETURN_TYPE = YES_ERROR;
				GCC_WARN_UNDECLARED_SELECTOR = YES;
				GCC_WARN_UNINITIALIZED_AUTOS = YES_AGGRESSIVE;
				GCC_WARN_UNUSED_FUNCTION = YES;
				GCC_WARN_UNUSED_VARIABLE = YES;
				IPHONEOS_DEPLOYMENT_TARGET = 14.3;
				MTL_ENABLE_DEBUG_INFO = INCLUDE_SOURCE;
				MTL_FAST_MATH = YES;
				ONLY_ACTIVE_ARCH = YES;
				SDKROOT = iphoneos;
				SWIFT_ACTIVE_COMPILATION_CONDITIONS = DEBUG;
				SWIFT_OPTIMIZATION_LEVEL = "-Onone";
			};
			name = Debug;
		};
		642338A725B1A6BD002AEA38 /* Release */ = {
			isa = XCBuildConfiguration;
			buildSettings = {
				ALWAYS_SEARCH_USER_PATHS = NO;
				CLANG_ANALYZER_NONNULL = YES;
				CLANG_ANALYZER_NUMBER_OBJECT_CONVERSION = YES_AGGRESSIVE;
				CLANG_CXX_LANGUAGE_STANDARD = "gnu++14";
				CLANG_CXX_LIBRARY = "libc++";
				CLANG_ENABLE_MODULES = YES;
				CLANG_ENABLE_OBJC_ARC = YES;
				CLANG_ENABLE_OBJC_WEAK = YES;
				CLANG_WARN_BLOCK_CAPTURE_AUTORELEASING = YES;
				CLANG_WARN_BOOL_CONVERSION = YES;
				CLANG_WARN_COMMA = YES;
				CLANG_WARN_CONSTANT_CONVERSION = YES;
				CLANG_WARN_DEPRECATED_OBJC_IMPLEMENTATIONS = YES;
				CLANG_WARN_DIRECT_OBJC_ISA_USAGE = YES_ERROR;
				CLANG_WARN_DOCUMENTATION_COMMENTS = YES;
				CLANG_WARN_EMPTY_BODY = YES;
				CLANG_WARN_ENUM_CONVERSION = YES;
				CLANG_WARN_INFINITE_RECURSION = YES;
				CLANG_WARN_INT_CONVERSION = YES;
				CLANG_WARN_NON_LITERAL_NULL_CONVERSION = YES;
				CLANG_WARN_OBJC_IMPLICIT_RETAIN_SELF = YES;
				CLANG_WARN_OBJC_LITERAL_CONVERSION = YES;
				CLANG_WARN_OBJC_ROOT_CLASS = YES_ERROR;
				CLANG_WARN_QUOTED_INCLUDE_IN_FRAMEWORK_HEADER = YES;
				CLANG_WARN_RANGE_LOOP_ANALYSIS = YES;
				CLANG_WARN_STRICT_PROTOTYPES = YES;
				CLANG_WARN_SUSPICIOUS_MOVE = YES;
				CLANG_WARN_UNGUARDED_AVAILABILITY = YES_AGGRESSIVE;
				CLANG_WARN_UNREACHABLE_CODE = YES;
				CLANG_WARN__DUPLICATE_METHOD_MATCH = YES;
				COPY_PHASE_STRIP = NO;
				DEBUG_INFORMATION_FORMAT = "dwarf-with-dsym";
				ENABLE_NS_ASSERTIONS = NO;
				ENABLE_STRICT_OBJC_MSGSEND = YES;
				GCC_C_LANGUAGE_STANDARD = gnu11;
				GCC_NO_COMMON_BLOCKS = YES;
				GCC_WARN_64_TO_32_BIT_CONVERSION = YES;
				GCC_WARN_ABOUT_RETURN_TYPE = YES_ERROR;
				GCC_WARN_UNDECLARED_SELECTOR = YES;
				GCC_WARN_UNINITIALIZED_AUTOS = YES_AGGRESSIVE;
				GCC_WARN_UNUSED_FUNCTION = YES;
				GCC_WARN_UNUSED_VARIABLE = YES;
				IPHONEOS_DEPLOYMENT_TARGET = 14.3;
				MTL_ENABLE_DEBUG_INFO = NO;
				MTL_FAST_MATH = YES;
				SDKROOT = iphoneos;
				SWIFT_COMPILATION_MODE = wholemodule;
				SWIFT_OPTIMIZATION_LEVEL = "-O";
				VALIDATE_PRODUCT = YES;
			};
			name = Release;
		};
		642338A925B1A6BD002AEA38 /* Debug */ = {
			isa = XCBuildConfiguration;
			baseConfigurationReference = 1F402E3596C5EBAB5C78F9C2 /* Pods-cakeMaker.debug.xcconfig */;
			buildSettings = {
				ASSETCATALOG_COMPILER_APPICON_NAME = AppIcon;
				ASSETCATALOG_COMPILER_GLOBAL_ACCENT_COLOR_NAME = AccentColor;
				CODE_SIGN_STYLE = Automatic;
				DEVELOPMENT_TEAM = MQH3AL8X2Q;
				INFOPLIST_FILE = cakeMaker/Info.plist;
				LD_RUNPATH_SEARCH_PATHS = (
					"$(inherited)",
					"@executable_path/Frameworks",
				);
				PRODUCT_BUNDLE_IDENTIFIER = com.seungchan.cakeMaker;
				PRODUCT_NAME = "$(TARGET_NAME)";
				SWIFT_VERSION = 5.0;
				TARGETED_DEVICE_FAMILY = "1,2";
			};
			name = Debug;
		};
		642338AA25B1A6BD002AEA38 /* Release */ = {
			isa = XCBuildConfiguration;
			baseConfigurationReference = CACA131CC14ABECAA9FD6507 /* Pods-cakeMaker.release.xcconfig */;
			buildSettings = {
				ASSETCATALOG_COMPILER_APPICON_NAME = AppIcon;
				ASSETCATALOG_COMPILER_GLOBAL_ACCENT_COLOR_NAME = AccentColor;
				CODE_SIGN_STYLE = Automatic;
				DEVELOPMENT_TEAM = MQH3AL8X2Q;
				INFOPLIST_FILE = cakeMaker/Info.plist;
				LD_RUNPATH_SEARCH_PATHS = (
					"$(inherited)",
					"@executable_path/Frameworks",
				);
				PRODUCT_BUNDLE_IDENTIFIER = com.seungchan.cakeMaker;
				PRODUCT_NAME = "$(TARGET_NAME)";
				SWIFT_VERSION = 5.0;
				TARGETED_DEVICE_FAMILY = "1,2";
			};
			name = Release;
		};
/* End XCBuildConfiguration section */

/* Begin XCConfigurationList section */
		6423388F25B1A6BB002AEA38 /* Build configuration list for PBXProject "cakeMaker" */ = {
			isa = XCConfigurationList;
			buildConfigurations = (
				642338A625B1A6BD002AEA38 /* Debug */,
				642338A725B1A6BD002AEA38 /* Release */,
			);
			defaultConfigurationIsVisible = 0;
			defaultConfigurationName = Release;
		};
		642338A825B1A6BD002AEA38 /* Build configuration list for PBXNativeTarget "cakeMaker" */ = {
			isa = XCConfigurationList;
			buildConfigurations = (
				642338A925B1A6BD002AEA38 /* Debug */,
				642338AA25B1A6BD002AEA38 /* Release */,
			);
			defaultConfigurationIsVisible = 0;
			defaultConfigurationName = Release;
		};
/* End XCConfigurationList section */
	};
	rootObject = 6423388C25B1A6BB002AEA38 /* Project object */;
}
